
Microsoft Visual Studio Solution File, Format Version 12.00
# Visual Studio Version 16
VisualStudioVersion = 16.0.32901.82
MinimumVisualStudioVersion = 10.0.40219.1
Project("{FAE04EC0-301F-11D3-BF4B-00C04F79EFBC}") = "TestAPP", "TestAPP.csproj", "{A782853A-C187-4F05-8D85-377055160DFD}"
EndProject
Global
	GlobalSection(SolutionConfigurationPlatforms) = preSolution
		Debug|Any CPU = Debug|Any CPU
		Release|Any CPU = Release|Any CPU
	EndGlobalSection
	GlobalSection(ProjectConfigurationPlatforms) = postSolution
		{A782853A-C187-4F05-8D85-377055160DFD}.Debug|Any CPU.ActiveCfg = Debug|Any CPU
		{A782853A-C187-4F05-8D85-377055160DFD}.Debug|Any CPU.Build.0 = Debug|Any CPU
		{A782853A-C187-4F05-8D85-377055160DFD}.Release|Any CPU.ActiveCfg = Release|Any CPU
		{A782853A-C187-4F05-8D85-377055160DFD}.Release|Any CPU.Build.0 = Release|Any CPU
	EndGlobalSection
	GlobalSection(SolutionProperties) = preSolution
		HideSolutionNode = FALSE
	EndGlobalSection
	GlobalSection(ExtensibilityGlobals) = postSolution
		SolutionGuid = {B8703A55-1F01-45E8-9312-5A4A7BE97A66}
	EndGlobalSection
EndGlobal
