
Microsoft Visual Studio Solution File, Format Version 12.00
# Visual Studio Version 17
VisualStudioVersion = 17.4.33110.190
MinimumVisualStudioVersion = 10.0.40219.1
Project("{FAE04EC0-301F-11D3-BF4B-00C04F79EFBC}") = "ProductsMinimalAPI_1147129", "ProductsMinimalAPI_1147129.csproj", "{0201E945-2CB0-4C64-BC9D-404D17A7CDB9}"
EndProject
Global
	GlobalSection(SolutionConfigurationPlatforms) = preSolution
		Debug|Any CPU = Debug|Any CPU
		Release|Any CPU = Release|Any CPU
	EndGlobalSection
	GlobalSection(ProjectConfigurationPlatforms) = postSolution
		{0201E945-2CB0-4C64-BC9D-404D17A7CDB9}.Debug|Any CPU.ActiveCfg = Debug|Any CPU
		{0201E945-2CB0-4C64-BC9D-404D17A7CDB9}.Debug|Any CPU.Build.0 = Debug|Any CPU
		{0201E945-2CB0-4C64-BC9D-404D17A7CDB9}.Release|Any CPU.ActiveCfg = Release|Any CPU
		{0201E945-2CB0-4C64-BC9D-404D17A7CDB9}.Release|Any CPU.Build.0 = Release|Any CPU
	EndGlobalSection
	GlobalSection(SolutionProperties) = preSolution
		HideSolutionNode = FALSE
	EndGlobalSection
	GlobalSection(ExtensibilityGlobals) = postSolution
		SolutionGuid = {C7F9EA7C-66C2-4CF7-A44A-56790CE03BF7}
	EndGlobalSection
EndGlobal
