
Microsoft Visual Studio Solution File, Format Version 12.00
# Visual Studio Version 17
VisualStudioVersion = 17.3.32922.545
MinimumVisualStudioVersion = 10.0.40219.1
Project("{9A19103F-16F7-4668-BE54-9A1E7A4F7556}") = "ComponentCommunication", "ComponentCommunication.csproj", "{940727DD-E273-4E24-92B3-28122E025B4A}"
EndProject
Global
	GlobalSection(SolutionConfigurationPlatforms) = preSolution
		Debug|Any CPU = Debug|Any CPU
		Release|Any CPU = Release|Any CPU
	EndGlobalSection
	GlobalSection(ProjectConfigurationPlatforms) = postSolution
		{940727DD-E273-4E24-92B3-28122E025B4A}.Debug|Any CPU.ActiveCfg = Debug|Any CPU
		{940727DD-E273-4E24-92B3-28122E025B4A}.Debug|Any CPU.Build.0 = Debug|Any CPU
		{940727DD-E273-4E24-92B3-28122E025B4A}.Release|Any CPU.ActiveCfg = Release|Any CPU
		{940727DD-E273-4E24-92B3-28122E025B4A}.Release|Any CPU.Build.0 = Release|Any CPU
	EndGlobalSection
	GlobalSection(SolutionProperties) = preSolution
		HideSolutionNode = FALSE
	EndGlobalSection
	GlobalSection(ExtensibilityGlobals) = postSolution
		SolutionGuid = {9C22C8BD-3339-460A-9128-51BD14AA49A2}
	EndGlobalSection
EndGlobal
