
Microsoft Visual Studio Solution File, Format Version 12.00
# Visual Studio Version 17
VisualStudioVersion = 17.3.32922.545
MinimumVisualStudioVersion = 10.0.40219.1
Project("{FAE04EC0-301F-11D3-BF4B-00C04F79EFBC}") = "ProductsApp_1147129", "ProductsApp_1147129.csproj", "{A743CD99-977B-48CD-B0CF-E9AB91776069}"
EndProject
Global
	GlobalSection(SolutionConfigurationPlatforms) = preSolution
		Debug|Any CPU = Debug|Any CPU
		Release|Any CPU = Release|Any CPU
	EndGlobalSection
	GlobalSection(ProjectConfigurationPlatforms) = postSolution
		{A743CD99-977B-48CD-B0CF-E9AB91776069}.Debug|Any CPU.ActiveCfg = Debug|Any CPU
		{A743CD99-977B-48CD-B0CF-E9AB91776069}.Debug|Any CPU.Build.0 = Debug|Any CPU
		{A743CD99-977B-48CD-B0CF-E9AB91776069}.Release|Any CPU.ActiveCfg = Release|Any CPU
		{A743CD99-977B-48CD-B0CF-E9AB91776069}.Release|Any CPU.Build.0 = Release|Any CPU
	EndGlobalSection
	GlobalSection(SolutionProperties) = preSolution
		HideSolutionNode = FALSE
	EndGlobalSection
	GlobalSection(ExtensibilityGlobals) = postSolution
		SolutionGuid = {27E1489D-791E-478A-9989-E0BDAE91C79A}
	EndGlobalSection
EndGlobal
